
Microsoft Visual Studio Solution File, Format Version 12.00
# Visual Studio Version 17
VisualStudioVersion = 17.7.34031.279
MinimumVisualStudioVersion = 10.0.40219.1
Project("{FAE04EC0-301F-11D3-BF4B-00C04F79EFBC}") = "MatchScore", "MatchScore.csproj", "{1E5EF9D7-48E1-4A53-8793-7C9589124E28}"
EndProject
Project("{FAE04EC0-301F-11D3-BF4B-00C04F79EFBC}") = "MatchScore.Tests", "..\MatchScore.Tests\MatchScore.Tests.csproj", "{C22ACD66-E683-4606-B917-F185267400EC}"
EndProject
Global
	GlobalSection(SolutionConfigurationPlatforms) = preSolution
		Debug|Any CPU = Debug|Any CPU
		Release|Any CPU = Release|Any CPU
	EndGlobalSection
	GlobalSection(ProjectConfigurationPlatforms) = postSolution
		{1E5EF9D7-48E1-4A53-8793-7C9589124E28}.Debug|Any CPU.ActiveCfg = Debug|Any CPU
		{1E5EF9D7-48E1-4A53-8793-7C9589124E28}.Debug|Any CPU.Build.0 = Debug|Any CPU
		{1E5EF9D7-48E1-4A53-8793-7C9589124E28}.Release|Any CPU.ActiveCfg = Release|Any CPU
		{1E5EF9D7-48E1-4A53-8793-7C9589124E28}.Release|Any CPU.Build.0 = Release|Any CPU
		{C22ACD66-E683-4606-B917-F185267400EC}.Debug|Any CPU.ActiveCfg = Debug|Any CPU
		{C22ACD66-E683-4606-B917-F185267400EC}.Debug|Any CPU.Build.0 = Debug|Any CPU
		{C22ACD66-E683-4606-B917-F185267400EC}.Release|Any CPU.ActiveCfg = Release|Any CPU
		{C22ACD66-E683-4606-B917-F185267400EC}.Release|Any CPU.Build.0 = Release|Any CPU
	EndGlobalSection
	GlobalSection(SolutionProperties) = preSolution
		HideSolutionNode = FALSE
	EndGlobalSection
	GlobalSection(ExtensibilityGlobals) = postSolution
		SolutionGuid = {F3DBB842-4108-4175-A544-3F4C8A4C9181}
	EndGlobalSection
EndGlobal
